
Microsoft Visual Studio Solution File, Format Version 12.00
# Visual Studio Version 17
VisualStudioVersion = 17.9.34622.214
MinimumVisualStudioVersion = 10.0.40219.1
Project("{FAE04EC0-301F-11D3-BF4B-00C04F79EFBC}") = "porga_module2", "porga_module2\porga_module2.csproj", "{18C67AF8-DB03-445C-A063-AC97528C7B2E}"
EndProject
Global
	GlobalSection(SolutionConfigurationPlatforms) = preSolution
		Debug|Any CPU = Debug|Any CPU
		Release|Any CPU = Release|Any CPU
	EndGlobalSection
	GlobalSection(ProjectConfigurationPlatforms) = postSolution
		{18C67AF8-DB03-445C-A063-AC97528C7B2E}.Debug|Any CPU.ActiveCfg = Debug|Any CPU
		{18C67AF8-DB03-445C-A063-AC97528C7B2E}.Debug|Any CPU.Build.0 = Debug|Any CPU
		{18C67AF8-DB03-445C-A063-AC97528C7B2E}.Release|Any CPU.ActiveCfg = Release|Any CPU
		{18C67AF8-DB03-445C-A063-AC97528C7B2E}.Release|Any CPU.Build.0 = Release|Any CPU
	EndGlobalSection
	GlobalSection(SolutionProperties) = preSolution
		HideSolutionNode = FALSE
	EndGlobalSection
	GlobalSection(ExtensibilityGlobals) = postSolution
		SolutionGuid = {0297DA7A-0335-4041-B007-8D6425584382}
	EndGlobalSection
EndGlobal
